
Microsoft Visual Studio Solution File, Format Version 11.00
# Visual Studio 2010
Project("{FAE04EC0-301F-11D3-BF4B-00C04F79EFBC}") = "Anagrammar", "Anagrammar\Anagrammar.csproj", "{63D5C4FD-C28C-4A13-AC26-6334A7BA7E3D}"
EndProject
Global
	GlobalSection(SolutionConfigurationPlatforms) = preSolution
		Debug|Any CPU = Debug|Any CPU
		Release|Any CPU = Release|Any CPU
	EndGlobalSection
	GlobalSection(ProjectConfigurationPlatforms) = postSolution
		{63D5C4FD-C28C-4A13-AC26-6334A7BA7E3D}.Debug|Any CPU.ActiveCfg = Debug|Any CPU
		{63D5C4FD-C28C-4A13-AC26-6334A7BA7E3D}.Debug|Any CPU.Build.0 = Debug|Any CPU
		{63D5C4FD-C28C-4A13-AC26-6334A7BA7E3D}.Debug|Any CPU.Deploy.0 = Debug|Any CPU
		{63D5C4FD-C28C-4A13-AC26-6334A7BA7E3D}.Release|Any CPU.ActiveCfg = Release|Any CPU
		{63D5C4FD-C28C-4A13-AC26-6334A7BA7E3D}.Release|Any CPU.Build.0 = Release|Any CPU
		{63D5C4FD-C28C-4A13-AC26-6334A7BA7E3D}.Release|Any CPU.Deploy.0 = Release|Any CPU
	EndGlobalSection
	GlobalSection(SolutionProperties) = preSolution
		HideSolutionNode = FALSE
	EndGlobalSection
EndGlobal
